// !$*UTF8*$!
{
	archiveVersion = 1;
	classes = {
	};
	objectVersion = 46;
	objects = {

/* Begin PBXBuildFile section */
		D035378F193FF6A700199C86 /* AppDelegate.swift in Sources */ = {isa = PBXBuildFile; fileRef = D035378E193FF6A700199C86 /* AppDelegate.swift */; };
		D0353791193FF6A700199C86 /* ViewController.swift in Sources */ = {isa = PBXBuildFile; fileRef = D0353790193FF6A700199C86 /* ViewController.swift */; };
		D0353794193FF6A700199C86 /* Main.storyboard in Resources */ = {isa = PBXBuildFile; fileRef = D0353792193FF6A700199C86 /* Main.storyboard */; };
		D0353796193FF6A700199C86 /* Images.xcassets in Resources */ = {isa = PBXBuildFile; fileRef = D0353795193FF6A700199C86 /* Images.xcassets */; };
		D03537A2193FF6A800199C86 /* SwiftAirDrawTests.swift in Sources */ = {isa = PBXBuildFile; fileRef = D03537A1193FF6A800199C86 /* SwiftAirDrawTests.swift */; };
/* End PBXBuildFile section */

/* Begin PBXContainerItemProxy section */
		D035379C193FF6A800199C86 /* PBXContainerItemProxy */ = {
			isa = PBXContainerItemProxy;
			containerPortal = D0353781193FF6A700199C86 /* Project object */;
			proxyType = 1;
			remoteGlobalIDString = D0353788193FF6A700199C86;
			remoteInfo = SwiftAirDraw;
		};
/* End PBXContainerItemProxy section */

/* Begin PBXFileReference section */
		D0353789193FF6A700199C86 /* SwiftAirDraw.app */ = {isa = PBXFileReference; explicitFileType = wrapper.application; includeInIndex = 0; path = SwiftAirDraw.app; sourceTree = BUILT_PRODUCTS_DIR; };
		D035378D193FF6A700199C86 /* Info.plist */ = {isa = PBXFileReference; lastKnownFileType = text.plist.xml; path = Info.plist; sourceTree = "<group>"; };
		D035378E193FF6A700199C86 /* AppDelegate.swift */ = {isa = PBXFileReference; lastKnownFileType = sourcecode.swift; path = AppDelegate.swift; sourceTree = "<group>"; };
		D0353790193FF6A700199C86 /* ViewController.swift */ = {isa = PBXFileReference; lastKnownFileType = sourcecode.swift; path = ViewController.swift; sourceTree = "<group>"; };
		D0353793193FF6A700199C86 /* Base */ = {isa = PBXFileReference; lastKnownFileType = file.storyboard; name = Base; path = Base.lproj/Main.storyboard; sourceTree = "<group>"; };
		D0353795193FF6A700199C86 /* Images.xcassets */ = {isa = PBXFileReference; lastKnownFileType = folder.assetcatalog; path = Images.xcassets; sourceTree = "<group>"; };
		D035379B193FF6A800199C86 /* SwiftAirDrawTests.xctest */ = {isa = PBXFileReference; explicitFileType = wrapper.cfbundle; includeInIndex = 0; path = SwiftAirDrawTests.xctest; sourceTree = BUILT_PRODUCTS_DIR; };
		D03537A0193FF6A800199C86 /* Info.plist */ = {isa = PBXFileReference; lastKnownFileType = text.plist.xml; path = Info.plist; sourceTree = "<group>"; };
		D03537A1193FF6A800199C86 /* SwiftAirDrawTests.swift */ = {isa = PBXFileReference; lastKnownFileType = sourcecode.swift; path = SwiftAirDrawTests.swift; sourceTree = "<group>"; };
/* End PBXFileReference section */

/* Begin PBXFrameworksBuildPhase section */
		D0353786193FF6A700199C86 /* Frameworks */ = {
			isa = PBXFrameworksBuildPhase;
			buildActionMask = 2147483647;
			files = (
			);
			runOnlyForDeploymentPostprocessing = 0;
		};
		D0353798193FF6A800199C86 /* Frameworks */ = {
			isa = PBXFrameworksBuildPhase;
			buildActionMask = 2147483647;
			files = (
			);
			runOnlyForDeploymentPostprocessing = 0;
		};
/* End PBXFrameworksBuildPhase section */

/* Begin PBXGroup section */
		D0353780193FF6A700199C86 = {
			isa = PBXGroup;
			children = (
				D035378B193FF6A700199C86 /* SwiftAirDraw */,
				D035379E193FF6A800199C86 /* SwiftAirDrawTests */,
				D035378A193FF6A700199C86 /* Products */,
			);
			sourceTree = "<group>";
		};
		D035378A193FF6A700199C86 /* Products */ = {
			isa = PBXGroup;
			children = (
				D0353789193FF6A700199C86 /* SwiftAirDraw.app */,
				D035379B193FF6A800199C86 /* SwiftAirDrawTests.xctest */,
			);
			name = Products;
			sourceTree = "<group>";
		};
		D035378B193FF6A700199C86 /* SwiftAirDraw */ = {
			isa = PBXGroup;
			children = (
				D035378E193FF6A700199C86 /* AppDelegate.swift */,
				D0353790193FF6A700199C86 /* ViewController.swift */,
				D0353792193FF6A700199C86 /* Main.storyboard */,
				D0353795193FF6A700199C86 /* Images.xcassets */,
				D035378C193FF6A700199C86 /* Supporting Files */,
			);
			path = SwiftAirDraw;
			sourceTree = "<group>";
		};
		D035378C193FF6A700199C86 /* Supporting Files */ = {
			isa = PBXGroup;
			children = (
				D035378D193FF6A700199C86 /* Info.plist */,
			);
			name = "Supporting Files";
			sourceTree = "<group>";
		};
		D035379E193FF6A800199C86 /* SwiftAirDrawTests */ = {
			isa = PBXGroup;
			children = (
				D03537A1193FF6A800199C86 /* SwiftAirDrawTests.swift */,
				D035379F193FF6A800199C86 /* Supporting Files */,
			);
			path = SwiftAirDrawTests;
			sourceTree = "<group>";
		};
		D035379F193FF6A800199C86 /* Supporting Files */ = {
			isa = PBXGroup;
			children = (
				D03537A0193FF6A800199C86 /* Info.plist */,
			);
			name = "Supporting Files";
			sourceTree = "<group>";
		};
/* End PBXGroup section */

/* Begin PBXNativeTarget section */
		D0353788193FF6A700199C86 /* SwiftAirDraw */ = {
			isa = PBXNativeTarget;
			buildConfigurationList = D03537A5193FF6A800199C86 /* Build configuration list for PBXNativeTarget "SwiftAirDraw" */;
			buildPhases = (
				D0353785193FF6A700199C86 /* Sources */,
				D0353786193FF6A700199C86 /* Frameworks */,
				D0353787193FF6A700199C86 /* Resources */,
			);
			buildRules = (
			);
			dependencies = (
			);
			name = SwiftAirDraw;
			productName = SwiftAirDraw;
			productReference = D0353789193FF6A700199C86 /* SwiftAirDraw.app */;
			productType = "com.apple.product-type.application";
		};
		D035379A193FF6A800199C86 /* SwiftAirDrawTests */ = {
			isa = PBXNativeTarget;
			buildConfigurationList = D03537A8193FF6A800199C86 /* Build configuration list for PBXNativeTarget "SwiftAirDrawTests" */;
			buildPhases = (
				D0353797193FF6A800199C86 /* Sources */,
				D0353798193FF6A800199C86 /* Frameworks */,
				D0353799193FF6A800199C86 /* Resources */,
			);
			buildRules = (
			);
			dependencies = (
				D035379D193FF6A800199C86 /* PBXTargetDependency */,
			);
			name = SwiftAirDrawTests;
			productName = SwiftAirDrawTests;
			productReference = D035379B193FF6A800199C86 /* SwiftAirDrawTests.xctest */;
			productType = "com.apple.product-type.bundle.unit-test";
		};
/* End PBXNativeTarget section */

/* Begin PBXProject section */
		D0353781193FF6A700199C86 /* Project object */ = {
			isa = PBXProject;
			attributes = {
				LastUpgradeCheck = 0600;
				ORGANIZATIONNAME = "Thinking Spastic Studios";
				TargetAttributes = {
					D0353788193FF6A700199C86 = {
						CreatedOnToolsVersion = 6.0;
					};
					D035379A193FF6A800199C86 = {
						CreatedOnToolsVersion = 6.0;
						TestTargetID = D0353788193FF6A700199C86;
					};
				};
			};
			buildConfigurationList = D0353784193FF6A700199C86 /* Build configuration list for PBXProject "SwiftAirDraw" */;
			compatibilityVersion = "Xcode 3.2";
			developmentRegion = English;
			hasScannedForEncodings = 0;
			knownRegions = (
				en,
				Base,
			);
			mainGroup = D0353780193FF6A700199C86;
			productRefGroup = D035378A193FF6A700199C86 /* Products */;
			projectDirPath = "";
			projectRoot = "";
			targets = (
				D0353788193FF6A700199C86 /* SwiftAirDraw */,
				D035379A193FF6A800199C86 /* SwiftAirDrawTests */,
			);
		};
/* End PBXProject section */

/* Begin PBXResourcesBuildPhase section */
		D0353787193FF6A700199C86 /* Resources */ = {
			isa = PBXResourcesBuildPhase;
			buildActionMask = 2147483647;
			files = (
				D0353794193FF6A700199C86 /* Main.storyboard in Resources */,
				D0353796193FF6A700199C86 /* Images.xcassets in Resources */,
			);
			runOnlyForDeploymentPostprocessing = 0;
		};
		D0353799193FF6A800199C86 /* Resources */ = {
			isa = PBXResourcesBuildPhase;
			buildActionMask = 2147483647;
			files = (
			);
			runOnlyForDeploymentPostprocessing = 0;
		};
/* End PBXResourcesBuildPhase section */

/* Begin PBXSourcesBuildPhase section */
		D0353785193FF6A700199C86 /* Sources */ = {
			isa = PBXSourcesBuildPhase;
			buildActionMask = 2147483647;
			files = (
				D0353791193FF6A700199C86 /* ViewController.swift in Sources */,
				D035378F193FF6A700199C86 /* AppDelegate.swift in Sources */,
			);
			runOnlyForDeploymentPostprocessing = 0;
		};
		D0353797193FF6A800199C86 /* Sources */ = {
			isa = PBXSourcesBuildPhase;
			buildActionMask = 2147483647;
			files = (
				D03537A2193FF6A800199C86 /* SwiftAirDrawTests.swift in Sources */,
			);
			runOnlyForDeploymentPostprocessing = 0;
		};
/* End PBXSourcesBuildPhase section */

/* Begin PBXTargetDependency section */
		D035379D193FF6A800199C86 /* PBXTargetDependency */ = {
			isa = PBXTargetDependency;
			target = D0353788193FF6A700199C86 /* SwiftAirDraw */;
			targetProxy = D035379C193FF6A800199C86 /* PBXContainerItemProxy */;
		};
/* End PBXTargetDependency section */

/* Begin PBXVariantGroup section */
		D0353792193FF6A700199C86 /* Main.storyboard */ = {
			isa = PBXVariantGroup;
			children = (
				D0353793193FF6A700199C86 /* Base */,
			);
			name = Main.storyboard;
			sourceTree = "<group>";
		};
/* End PBXVariantGroup section */

/* Begin XCBuildConfiguration section */
		D03537A3193FF6A800199C86 /* Debug */ = {
			isa = XCBuildConfiguration;
			buildSettings = {
				ALWAYS_SEARCH_USER_PATHS = NO;
				CLANG_CXX_LANGUAGE_STANDARD = "gnu++0x";
				CLANG_CXX_LIBRARY = "libc++";
				CLANG_ENABLE_MODULES = YES;
				CLANG_ENABLE_OBJC_ARC = YES;
				CLANG_WARN_BOOL_CONVERSION = YES;
				CLANG_WARN_CONSTANT_CONVERSION = YES;
				CLANG_WARN_DIRECT_OBJC_ISA_USAGE = YES_ERROR;
				CLANG_WARN_EMPTY_BODY = YES;
				CLANG_WARN_ENUM_CONVERSION = YES;
				CLANG_WARN_INT_CONVERSION = YES;
				CLANG_WARN_OBJC_ROOT_CLASS = YES_ERROR;
				CLANG_WARN_UNREACHABLE_CODE = YES;
				CLANG_WARN__DUPLICATE_METHOD_MATCH = YES;
				"CODE_SIGN_IDENTITY[sdk=iphoneos*]" = "iPhone Developer";
				COPY_PHASE_STRIP = NO;
				ENABLE_STRICT_OBJC_MSGSEND = YES;
				GCC_C_LANGUAGE_STANDARD = gnu99;
				GCC_DYNAMIC_NO_PIC = NO;
				GCC_OPTIMIZATION_LEVEL = 0;
				GCC_PREPROCESSOR_DEFINITIONS = (
					"DEBUG=1",
					"$(inherited)",
				);
				GCC_SYMBOLS_PRIVATE_EXTERN = NO;
				GCC_WARN_64_TO_32_BIT_CONVERSION = YES;
				GCC_WARN_ABOUT_RETURN_TYPE = YES_ERROR;
				GCC_WARN_UNDECLARED_SELECTOR = YES;
				GCC_WARN_UNINITIALIZED_AUTOS = YES_AGGRESSIVE;
				GCC_WARN_UNUSED_FUNCTION = YES;
				GCC_WARN_UNUSED_VARIABLE = YES;
				IPHONEOS_DEPLOYMENT_TARGET = 8.0;
				METAL_ENABLE_DEBUG_INFO = YES;
				ONLY_ACTIVE_ARCH = YES;
				SDKROOT = iphoneos;
				SWIFT_OPTIMIZATION_LEVEL = "-Onone";
			};
			name = Debug;
		};
		D03537A4193FF6A800199C86 /* Release */ = {
			isa = XCBuildConfiguration;
			buildSettings = {
				ALWAYS_SEARCH_USER_PATHS = NO;
				CLANG_CXX_LANGUAGE_STANDARD = "gnu++0x";
				CLANG_CXX_LIBRARY = "libc++";
				CLANG_ENABLE_MODULES = YES;
				CLANG_ENABLE_OBJC_ARC = YES;
				CLANG_WARN_BOOL_CONVERSION = YES;
				CLANG_WARN_CONSTANT_CONVERSION = YES;
				CLANG_WARN_DIRECT_OBJC_ISA_USAGE = YES_ERROR;
				CLANG_WARN_EMPTY_BODY = YES;
				CLANG_WARN_ENUM_CONVERSION = YES;
				CLANG_WARN_INT_CONVERSION = YES;
				CLANG_WARN_OBJC_ROOT_CLASS = YES_ERROR;
				CLANG_WARN_UNREACHABLE_CODE = YES;
				CLANG_WARN__DUPLICATE_METHOD_MATCH = YES;
				"CODE_SIGN_IDENTITY[sdk=iphoneos*]" = "iPhone Developer";
				COPY_PHASE_STRIP = YES;
				ENABLE_NS_ASSERTIONS = NO;
				ENABLE_STRICT_OBJC_MSGSEND = YES;
				GCC_C_LANGUAGE_STANDARD = gnu99;
				GCC_WARN_64_TO_32_BIT_CONVERSION = YES;
				GCC_WARN_ABOUT_RETURN_TYPE = YES_ERROR;
				GCC_WARN_UNDECLARED_SELECTOR = YES;
				GCC_WARN_UNINITIALIZED_AUTOS = YES_AGGRESSIVE;
				GCC_WARN_UNUSED_FUNCTION = YES;
				GCC_WARN_UNUSED_VARIABLE = YES;
				IPHONEOS_DEPLOYMENT_TARGET = 8.0;
				METAL_ENABLE_DEBUG_INFO = NO;
				SDKROOT = iphoneos;
				VALIDATE_PRODUCT = YES;
			};
			name = Release;
		};
		D03537A6193FF6A800199C86 /* Debug */ = {
			isa = XCBuildConfiguration;
			buildSettings = {
				ASSETCATALOG_COMPILER_APPICON_NAME = AppIcon;
				ASSETCATALOG_COMPILER_LAUNCHIMAGE_NAME = LaunchImage;
				INFOPLIST_FILE = SwiftAirDraw/Info.plist;
				LD_RUNPATH_SEARCH_PATHS = "$(inherited) @executable_path/Frameworks";
				PRODUCT_NAME = "$(TARGET_NAME)";
			};
			name = Debug;
		};
		D03537A7193FF6A800199C86 /* Release */ = {
			isa = XCBuildConfiguration;
			buildSettings = {
				ASSETCATALOG_COMPILER_APPICON_NAME = AppIcon;
				ASSETCATALOG_COMPILER_LAUNCHIMAGE_NAME = LaunchImage;
				INFOPLIST_FILE = SwiftAirDraw/Info.plist;
				LD_RUNPATH_SEARCH_PATHS = "$(inherited) @executable_path/Frameworks";
				PRODUCT_NAME = "$(TARGET_NAME)";
			};
			name = Release;
		};
		D03537A9193FF6A800199C86 /* Debug */ = {
			isa = XCBuildConfiguration;
			buildSettings = {
				BUNDLE_LOADER = "$(BUILT_PRODUCTS_DIR)/SwiftAirDraw.app/SwiftAirDraw";
				FRAMEWORK_SEARCH_PATHS = (
					"$(SDKROOT)/Developer/Library/Frameworks",
					"$(inherited)",
				);
				GCC_PREPROCESSOR_DEFINITIONS = (
					"DEBUG=1",
					"$(inherited)",
				);
				INFOPLIST_FILE = SwiftAirDrawTests/Info.plist;
				LD_RUNPATH_SEARCH_PATHS = "$(inherited) @executable_path/Frameworks @loader_path/Frameworks";
				METAL_ENABLE_DEBUG_INFO = YES;
				PRODUCT_NAME = "$(TARGET_NAME)";
				TEST_HOST = "$(BUNDLE_LOADER)";
			};
			name = Debug;
		};
		D03537AA193FF6A800199C86 /* Release */ = {
			isa = XCBuildConfiguration;
			buildSettings = {
				BUNDLE_LOADER = "$(BUILT_PRODUCTS_DIR)/SwiftAirDraw.app/SwiftAirDraw";
				FRAMEWORK_SEARCH_PATHS = (
					"$(SDKROOT)/Developer/Library/Frameworks",
					"$(inherited)",
				);
				INFOPLIST_FILE = SwiftAirDrawTests/Info.plist;
				LD_RUNPATH_SEARCH_PATHS = "$(inherited) @executable_path/Frameworks @loader_path/Frameworks";
				METAL_ENABLE_DEBUG_INFO = NO;
				PRODUCT_NAME = "$(TARGET_NAME)";
				TEST_HOST = "$(BUNDLE_LOADER)";
			};
			name = Release;
		};
/* End XCBuildConfiguration section */

/* Begin XCConfigurationList section */
		D0353784193FF6A700199C86 /* Build configuration list for PBXProject "SwiftAirDraw" */ = {
			isa = XCConfigurationList;
			buildConfigurations = (
				D03537A3193FF6A800199C86 /* Debug */,
				D03537A4193FF6A800199C86 /* Release */,
			);
			defaultConfigurationIsVisible = 0;
			defaultConfigurationName = Release;
		};
		D03537A5193FF6A800199C86 /* Build configuration list for PBXNativeTarget "SwiftAirDraw" */ = {
			isa = XCConfigurationList;
			buildConfigurations = (
				D03537A6193FF6A800199C86 /* Debug */,
				D03537A7193FF6A800199C86 /* Release */,
			);
			defaultConfigurationIsVisible = 0;
		};
		D03537A8193FF6A800199C86 /* Build configuration list for PBXNativeTarget "SwiftAirDrawTests" */ = {
			isa = XCConfigurationList;
			buildConfigurations = (
				D03537A9193FF6A800199C86 /* Debug */,
				D03537AA193FF6A800199C86 /* Release */,
			);
			defaultConfigurationIsVisible = 0;
		};
/* End XCConfigurationList section */
	};
	rootObject = D0353781193FF6A700199C86 /* Project object */;
}
